
Microsoft Visual Studio Solution File, Format Version 12.00
# Visual Studio Version 16
VisualStudioVersion = 16.0.31005.135
MinimumVisualStudioVersion = 10.0.40219.1
Project("{FAE04EC0-301F-11D3-BF4B-00C04F79EFBC}") = "BirKelimeBirIslem", "BirKelimeBirIslem\BirKelimeBirIslem.csproj", "{A1A91B24-6076-4C87-A801-2D6BA988BE3A}"
EndProject
Global
	GlobalSection(SolutionConfigurationPlatforms) = preSolution
		Debug|Any CPU = Debug|Any CPU
		Release|Any CPU = Release|Any CPU
	EndGlobalSection
	GlobalSection(ProjectConfigurationPlatforms) = postSolution
		{A1A91B24-6076-4C87-A801-2D6BA988BE3A}.Debug|Any CPU.ActiveCfg = Debug|Any CPU
		{A1A91B24-6076-4C87-A801-2D6BA988BE3A}.Debug|Any CPU.Build.0 = Debug|Any CPU
		{A1A91B24-6076-4C87-A801-2D6BA988BE3A}.Release|Any CPU.ActiveCfg = Release|Any CPU
		{A1A91B24-6076-4C87-A801-2D6BA988BE3A}.Release|Any CPU.Build.0 = Release|Any CPU
	EndGlobalSection
	GlobalSection(SolutionProperties) = preSolution
		HideSolutionNode = FALSE
	EndGlobalSection
	GlobalSection(ExtensibilityGlobals) = postSolution
		SolutionGuid = {4FAF0F3F-CA24-4E4F-835C-9174ACDEC12E}
	EndGlobalSection
EndGlobal
